
Microsoft Visual Studio Solution File, Format Version 12.00
# Visual Studio Version 17
VisualStudioVersion = 17.4.33213.308
MinimumVisualStudioVersion = 10.0.40219.1
Project("{FAE04EC0-301F-11D3-BF4B-00C04F79EFBC}") = "HappyMeal", "HappyMeal\HappyMeal.csproj", "{EEBF8E65-E924-4ECF-8F05-9C0B876FDE6F}"
EndProject
Project("{FAE04EC0-301F-11D3-BF4B-00C04F79EFBC}") = "HappyMeal.Core", "HappyMeal.Core\HappyMeal.Core.csproj", "{D5FB61A3-3BB9-49E0-9919-890BB51AA708}"
EndProject
Global
	GlobalSection(SolutionConfigurationPlatforms) = preSolution
		Debug|Any CPU = Debug|Any CPU
		Release|Any CPU = Release|Any CPU
	EndGlobalSection
	GlobalSection(ProjectConfigurationPlatforms) = postSolution
		{EEBF8E65-E924-4ECF-8F05-9C0B876FDE6F}.Debug|Any CPU.ActiveCfg = Debug|Any CPU
		{EEBF8E65-E924-4ECF-8F05-9C0B876FDE6F}.Debug|Any CPU.Build.0 = Debug|Any CPU
		{EEBF8E65-E924-4ECF-8F05-9C0B876FDE6F}.Release|Any CPU.ActiveCfg = Release|Any CPU
		{EEBF8E65-E924-4ECF-8F05-9C0B876FDE6F}.Release|Any CPU.Build.0 = Release|Any CPU
		{D5FB61A3-3BB9-49E0-9919-890BB51AA708}.Debug|Any CPU.ActiveCfg = Debug|Any CPU
		{D5FB61A3-3BB9-49E0-9919-890BB51AA708}.Debug|Any CPU.Build.0 = Debug|Any CPU
		{D5FB61A3-3BB9-49E0-9919-890BB51AA708}.Release|Any CPU.ActiveCfg = Release|Any CPU
		{D5FB61A3-3BB9-49E0-9919-890BB51AA708}.Release|Any CPU.Build.0 = Release|Any CPU
	EndGlobalSection
	GlobalSection(SolutionProperties) = preSolution
		HideSolutionNode = FALSE
	EndGlobalSection
	GlobalSection(ExtensibilityGlobals) = postSolution
		SolutionGuid = {4EE8A546-FACA-4B73-81E6-E4CD5562C7A4}
	EndGlobalSection
EndGlobal
